<?xml version="1.0" encoding="utf-8"?>
<Project ToolsVersion="4.0" xmlns="http://schemas.microsoft.com/developer/msbuild/2003">
  <ItemGroup>
    <ClCompile Include="src\main.cpp">
      <Filter>Source Files</Filter>
    </ClCompile>
    <ClCompile Include="src\CGapLog.cpp">
      <Filter>Source Files</Filter>
    </ClCompile>
    <ClCompile Include="src\CGapODE.cpp">
      <Filter>Source Files</Filter>
    </ClCompile>
    <ClCompile Include="src\CGapResult.cpp">
      <Filter>Source Files</Filter>
    </ClCompile>
    <ClCompile Include="src\CNewtonIteration.cpp">
      <Filter>Source Files</Filter>
    </ClCompile>
    <ClCompile Include="src\CSlipperGap.cpp">
      <Filter>Source Files</Filter>
    </ClCompile>
    <ClCompile Include="src\CSlipperGap_Debug.cpp">
      <Filter>Source Files</Filter>
    </ClCompile>
    <ClCompile Include="src\CSlipperGap_EHD.cpp">
      <Filter>Source Files</Filter>
    </ClCompile>
    <ClCompile Include="src\CSlipperGap_Energy.cpp">
      <Filter>Source Files</Filter>
    </ClCompile>
    <ClCompile Include="src\CSlipperGap_Fluid.cpp">
      <Filter>Source Files</Filter>
    </ClCompile>
    <ClCompile Include="src\CSlipperGap_Reynolds.cpp">
      <Filter>Source Files</Filter>
    </ClCompile>
    <ClCompile Include="src\CSlipperGap_Thermal.cpp">
      <Filter>Source Files</Filter>
    </ClCompile>
    <ClCompile Include="src\CSlipperGap_vtk.cpp">
      <Filter>Source Files</Filter>
    </ClCompile>
    <ClCompile Include="src\CSlipperGap_Contact.cpp">
      <Filter>Source Files</Filter>
    </ClCompile>
    <ClCompile Include="src\QuadProg++.cpp">
      <Filter>Source Files</Filter>
    </ClCompile>
    <ClCompile Include="src\oil.cpp">
      <Filter>Source Files</Filter>
    </ClCompile>
  </ItemGroup>
  <ItemGroup>
    <ClInclude Include="src\caspar_slipper_dll.h">
      <Filter>Header Files</Filter>
    </ClInclude>
    <ClInclude Include="src\CGapLog.h">
      <Filter>Header Files</Filter>
    </ClInclude>
    <ClInclude Include="src\CGapODE.h">
      <Filter>Header Files</Filter>
    </ClInclude>
    <ClInclude Include="src\CGapResult.h">
      <Filter>Header Files</Filter>
    </ClInclude>
    <ClInclude Include="src\CNewtonIteration.h">
      <Filter>Header Files</Filter>
    </ClInclude>
    <ClInclude Include="src\CSlipperGap.h">
      <Filter>Header Files</Filter>
    </ClInclude>
    <ClInclude Include="src\main.h">
      <Filter>Header Files</Filter>
    </ClInclude>
    <ClInclude Include="src\QuadProg++.h">
      <Filter>Header Files</Filter>
    </ClInclude>
    <ClInclude Include="src\oil.h">
      <Filter>Header Files</Filter>
    </ClInclude>
  </ItemGroup>
  <ItemGroup>
    <Filter Include="Header Files">
      <UniqueIdentifier>{ac14b56a-95a6-44a9-a87a-2242c726aeee}</UniqueIdentifier>
    </Filter>
    <Filter Include="Source Files">
      <UniqueIdentifier>{0ae293c8-5e65-4309-8e42-610d3354c985}</UniqueIdentifier>
    </Filter>
    <Filter Include="Resource Files">
      <UniqueIdentifier>{f5559708-8b48-42e2-90ac-464b33be6fde}</UniqueIdentifier>
    </Filter>
  </ItemGroup>
  <ItemGroup>
    <None Include="src\todo.txt">
      <Filter>Resource Files</Filter>
    </None>
  </ItemGroup>
</Project>