<?xml version="1.0" encoding="utf-8"?>
<Project ToolsVersion="4.0" xmlns="http://schemas.microsoft.com/developer/msbuild/2003">
  <ItemGroup>
    <ClCompile Include="src\CasparSlipperFEM.cpp">
      <Filter>Source Files</Filter>
    </ClCompile>
    <ClCompile Include="src\tetra_element.cpp">
      <Filter>Source Files</Filter>
    </ClCompile>
    <ClCompile Include="src\femAnalysis.cpp">
      <Filter>Source Files</Filter>
    </ClCompile>
    <ClCompile Include="src\femBC.cpp">
      <Filter>Source Files</Filter>
    </ClCompile>
    <ClCompile Include="src\femIO.cpp">
      <Filter>Source Files</Filter>
    </ClCompile>
    <ClCompile Include="src\femSolve.cpp">
      <Filter>Source Files</Filter>
    </ClCompile>
    <ClCompile Include="src\femUtility.cpp">
      <Filter>Source Files</Filter>
    </ClCompile>
  </ItemGroup>
  <ItemGroup>
    <ClInclude Include="src\CasparSlipperFEM.h">
      <Filter>Header Files</Filter>
    </ClInclude>
    <ClInclude Include="src\dmatrix.h">
      <Filter>Header Files</Filter>
    </ClInclude>
    <ClInclude Include="src\element.h">
      <Filter>Header Files</Filter>
    </ClInclude>
    <ClInclude Include="src\face.h">
      <Filter>Header Files</Filter>
    </ClInclude>
    <ClInclude Include="src\fem.h">
      <Filter>Header Files</Filter>
    </ClInclude>
    <ClInclude Include="src\femoptions.h">
      <Filter>Header Files</Filter>
    </ClInclude>
    <ClInclude Include="src\main.h">
      <Filter>Header Files</Filter>
    </ClInclude>
    <ClInclude Include="src\node.h">
      <Filter>Header Files</Filter>
    </ClInclude>
    <ClInclude Include="src\point.h">
      <Filter>Header Files</Filter>
    </ClInclude>
    <ClInclude Include="src\tetra_element.h">
      <Filter>Header Files</Filter>
    </ClInclude>
  </ItemGroup>
  <ItemGroup>
    <Filter Include="Source Files">
      <UniqueIdentifier>{d7158a3d-e889-4092-bbcb-474592bcf66a}</UniqueIdentifier>
    </Filter>
    <Filter Include="Header Files">
      <UniqueIdentifier>{28ea6866-ac1a-43dc-9e3a-e811ff8ab053}</UniqueIdentifier>
    </Filter>
  </ItemGroup>
</Project>